{
  "name": "itcast-php-teacher2",
  "version": "1.0.0",
  "lockfileVersion": 1,
  "requires": true,
  "dependencies": {
    "itcast-php-teacher": {
      "version": "1.0.0",
      "resolved": "https://registry.npmjs.org/itcast-php-teacher/-/itcast-php-teacher-1.0.0.tgz",
      "integrity": "sha512-0f/FW9ny75tTwksjLkSLJS2M4WztovNvPBqNC24e7/7es8gCGiJ7d2lKlTSd3BMZgW7MntqagtdJgG7lkg+D6g==",
      "dev": true
    }
  }
}
